{
  "../../01-NEARX/01-Foundry/01-estalacaoFoundry/lib/forge-std": {
    "rev": "8bbcf6e3f8f62f419e5429a0bd89331c85c37824"
  },
  "../../01-NEARX/01-Foundry/02-counter/lib/forge-std": {
    "rev": "8bbcf6e3f8f62f419e5429a0bd89331c85c37824"
  },
  "../../01-NEARX/01-Foundry/03-tokenERC-20/lib/forge-std": {
    "rev": "8bbcf6e3f8f62f419e5429a0bd89331c85c37824"
  },
  "../../01-NEARX/01-Foundry/03-tokenERC-20/lib/solady": {
    "rev": "acd959aa4bd04720d640bf4e6a5c71037510cc4b"
  },
  "lib/openzeppelin-contracts": {
    "rev": "78eb1602019c89be5376a1d81cac2eead014e2bf"
  }
}